
Microsoft Visual Studio Solution File, Format Version 12.00
# Visual Studio 15
VisualStudioVersion = 15.0.26020.0
MinimumVisualStudioVersion = 10.0.40219.1
Project("{2150E333-8FDC-42A3-9474-1A3956D46DE8}") = "src", "src", "{07B7C384-93F7-4C9C-A23A-C32A8D83F839}"
EndProject
Project("{9A19103F-16F7-4668-BE54-9A1E7A4F7556}") = "AvgIdentity", "src\AvgIdentity\AvgIdentity.csproj", "{07E37AC3-9DD5-45CD-BB1C-F807738C3529}"
EndProject
Project("{9A19103F-16F7-4668-BE54-9A1E7A4F7556}") = "AvgIdentity.Models", "src\AvgIdentity.Models\AvgIdentity.Models.csproj", "{FDC07886-2B0B-4433-9DC9-080F53D95C2A}"
EndProject
Project("{2150E333-8FDC-42A3-9474-1A3956D46DE8}") = "samples", "samples", "{C5EAA1B8-AFC2-4DF5-AB04-7F1AB17F55B0}"
EndProject
Project("{FAE04EC0-301F-11D3-BF4B-00C04F79EFBC}") = "AvgIdentity.Test", "test\AvgIdentity.Test\AvgIdentity.Test.csproj", "{96D00402-E977-479F-B025-25A66291E9F1}"
EndProject
Project("{2150E333-8FDC-42A3-9474-1A3956D46DE8}") = "test", "test", "{B0491072-52F6-40AF-B57C-4894C830A7E6}"
EndProject
Project("{FAE04EC0-301F-11D3-BF4B-00C04F79EFBC}") = "WebApp", "samples\WebApp\WebApp.csproj", "{35DED6A4-6A69-4651-8537-E203547FA95E}"
EndProject
Global
	GlobalSection(SolutionConfigurationPlatforms) = preSolution
		Debug|Any CPU = Debug|Any CPU
		Debug|x64 = Debug|x64
		Debug|x86 = Debug|x86
		Release|Any CPU = Release|Any CPU
		Release|x64 = Release|x64
		Release|x86 = Release|x86
	EndGlobalSection
	GlobalSection(ProjectConfigurationPlatforms) = postSolution
		{07E37AC3-9DD5-45CD-BB1C-F807738C3529}.Debug|Any CPU.ActiveCfg = Debug|Any CPU
		{07E37AC3-9DD5-45CD-BB1C-F807738C3529}.Debug|Any CPU.Build.0 = Debug|Any CPU
		{07E37AC3-9DD5-45CD-BB1C-F807738C3529}.Debug|x64.ActiveCfg = Debug|Any CPU
		{07E37AC3-9DD5-45CD-BB1C-F807738C3529}.Debug|x64.Build.0 = Debug|Any CPU
		{07E37AC3-9DD5-45CD-BB1C-F807738C3529}.Debug|x86.ActiveCfg = Debug|Any CPU
		{07E37AC3-9DD5-45CD-BB1C-F807738C3529}.Debug|x86.Build.0 = Debug|Any CPU
		{07E37AC3-9DD5-45CD-BB1C-F807738C3529}.Release|Any CPU.ActiveCfg = Release|Any CPU
		{07E37AC3-9DD5-45CD-BB1C-F807738C3529}.Release|Any CPU.Build.0 = Release|Any CPU
		{07E37AC3-9DD5-45CD-BB1C-F807738C3529}.Release|x64.ActiveCfg = Release|Any CPU
		{07E37AC3-9DD5-45CD-BB1C-F807738C3529}.Release|x64.Build.0 = Release|Any CPU
		{07E37AC3-9DD5-45CD-BB1C-F807738C3529}.Release|x86.ActiveCfg = Release|Any CPU
		{07E37AC3-9DD5-45CD-BB1C-F807738C3529}.Release|x86.Build.0 = Release|Any CPU
		{FDC07886-2B0B-4433-9DC9-080F53D95C2A}.Debug|Any CPU.ActiveCfg = Debug|Any CPU
		{FDC07886-2B0B-4433-9DC9-080F53D95C2A}.Debug|Any CPU.Build.0 = Debug|Any CPU
		{FDC07886-2B0B-4433-9DC9-080F53D95C2A}.Debug|x64.ActiveCfg = Debug|Any CPU
		{FDC07886-2B0B-4433-9DC9-080F53D95C2A}.Debug|x64.Build.0 = Debug|Any CPU
		{FDC07886-2B0B-4433-9DC9-080F53D95C2A}.Debug|x86.ActiveCfg = Debug|Any CPU
		{FDC07886-2B0B-4433-9DC9-080F53D95C2A}.Debug|x86.Build.0 = Debug|Any CPU
		{FDC07886-2B0B-4433-9DC9-080F53D95C2A}.Release|Any CPU.ActiveCfg = Release|Any CPU
		{FDC07886-2B0B-4433-9DC9-080F53D95C2A}.Release|Any CPU.Build.0 = Release|Any CPU
		{FDC07886-2B0B-4433-9DC9-080F53D95C2A}.Release|x64.ActiveCfg = Release|Any CPU
		{FDC07886-2B0B-4433-9DC9-080F53D95C2A}.Release|x64.Build.0 = Release|Any CPU
		{FDC07886-2B0B-4433-9DC9-080F53D95C2A}.Release|x86.ActiveCfg = Release|Any CPU
		{FDC07886-2B0B-4433-9DC9-080F53D95C2A}.Release|x86.Build.0 = Release|Any CPU
		{96D00402-E977-479F-B025-25A66291E9F1}.Debug|Any CPU.ActiveCfg = Debug|Any CPU
		{96D00402-E977-479F-B025-25A66291E9F1}.Debug|Any CPU.Build.0 = Debug|Any CPU
		{96D00402-E977-479F-B025-25A66291E9F1}.Debug|x64.ActiveCfg = Debug|Any CPU
		{96D00402-E977-479F-B025-25A66291E9F1}.Debug|x64.Build.0 = Debug|Any CPU
		{96D00402-E977-479F-B025-25A66291E9F1}.Debug|x86.ActiveCfg = Debug|Any CPU
		{96D00402-E977-479F-B025-25A66291E9F1}.Debug|x86.Build.0 = Debug|Any CPU
		{96D00402-E977-479F-B025-25A66291E9F1}.Release|Any CPU.ActiveCfg = Release|Any CPU
		{96D00402-E977-479F-B025-25A66291E9F1}.Release|Any CPU.Build.0 = Release|Any CPU
		{96D00402-E977-479F-B025-25A66291E9F1}.Release|x64.ActiveCfg = Release|Any CPU
		{96D00402-E977-479F-B025-25A66291E9F1}.Release|x64.Build.0 = Release|Any CPU
		{96D00402-E977-479F-B025-25A66291E9F1}.Release|x86.ActiveCfg = Release|Any CPU
		{96D00402-E977-479F-B025-25A66291E9F1}.Release|x86.Build.0 = Release|Any CPU
		{35DED6A4-6A69-4651-8537-E203547FA95E}.Debug|Any CPU.ActiveCfg = Debug|Any CPU
		{35DED6A4-6A69-4651-8537-E203547FA95E}.Debug|Any CPU.Build.0 = Debug|Any CPU
		{35DED6A4-6A69-4651-8537-E203547FA95E}.Debug|x64.ActiveCfg = Debug|x64
		{35DED6A4-6A69-4651-8537-E203547FA95E}.Debug|x64.Build.0 = Debug|x64
		{35DED6A4-6A69-4651-8537-E203547FA95E}.Debug|x86.ActiveCfg = Debug|x86
		{35DED6A4-6A69-4651-8537-E203547FA95E}.Debug|x86.Build.0 = Debug|x86
		{35DED6A4-6A69-4651-8537-E203547FA95E}.Release|Any CPU.ActiveCfg = Release|Any CPU
		{35DED6A4-6A69-4651-8537-E203547FA95E}.Release|Any CPU.Build.0 = Release|Any CPU
		{35DED6A4-6A69-4651-8537-E203547FA95E}.Release|x64.ActiveCfg = Release|x64
		{35DED6A4-6A69-4651-8537-E203547FA95E}.Release|x64.Build.0 = Release|x64
		{35DED6A4-6A69-4651-8537-E203547FA95E}.Release|x86.ActiveCfg = Release|x86
		{35DED6A4-6A69-4651-8537-E203547FA95E}.Release|x86.Build.0 = Release|x86
	EndGlobalSection
	GlobalSection(SolutionProperties) = preSolution
		HideSolutionNode = FALSE
	EndGlobalSection
	GlobalSection(NestedProjects) = preSolution
		{07E37AC3-9DD5-45CD-BB1C-F807738C3529} = {07B7C384-93F7-4C9C-A23A-C32A8D83F839}
		{FDC07886-2B0B-4433-9DC9-080F53D95C2A} = {07B7C384-93F7-4C9C-A23A-C32A8D83F839}
		{96D00402-E977-479F-B025-25A66291E9F1} = {B0491072-52F6-40AF-B57C-4894C830A7E6}
		{35DED6A4-6A69-4651-8537-E203547FA95E} = {C5EAA1B8-AFC2-4DF5-AB04-7F1AB17F55B0}
	EndGlobalSection
EndGlobal
